{
    "_meta": {
        "hash": {
            "sha256": "3a129dae5ba848966a26852e400a45f4ea4e5962d558baf811e395a4b8c56790"
        },
        "pipfile-spec": 6,
        "requires": {
            "python_version": "3.7"
        },
        "sources": [
            {
                "name": "pypi",
                "url": "https://pypi.org/simple",
                "verify_ssl": true
            }
        ]
    },
    "default": {
        "graphviz": {
            "hashes": [
                "sha256:6f261efbe92b938808ebb64048253b99f379f6300c6c776d440984e71678f642",
                "sha256:fc6f825a2a1be9841c1c7493777c0c742514c7daf979691f0e143d7dc0cc1fa9"
            ],
            "index": "pypi",
            "version": "==0.11"
        }
    },
    "develop": {}
}
